
Microsoft Visual Studio Solution File, Format Version 12.00
# Visual Studio Version 16
VisualStudioVersion = 16.0.32126.315
MinimumVisualStudioVersion = 10.0.40219.1
Project("{FAE04EC0-301F-11D3-BF4B-00C04F79EFBC}") = "FootballScheduleManagement", "FootballScheduleManagement\FootballScheduleManagement.csproj", "{0E3829E8-D37F-4776-8623-307A3E415035}"
EndProject
Global
	GlobalSection(SolutionConfigurationPlatforms) = preSolution
		Debug|Any CPU = Debug|Any CPU
		Release|Any CPU = Release|Any CPU
	EndGlobalSection
	GlobalSection(ProjectConfigurationPlatforms) = postSolution
		{0E3829E8-D37F-4776-8623-307A3E415035}.Debug|Any CPU.ActiveCfg = Debug|Any CPU
		{0E3829E8-D37F-4776-8623-307A3E415035}.Debug|Any CPU.Build.0 = Debug|Any CPU
		{0E3829E8-D37F-4776-8623-307A3E415035}.Release|Any CPU.ActiveCfg = Release|Any CPU
		{0E3829E8-D37F-4776-8623-307A3E415035}.Release|Any CPU.Build.0 = Release|Any CPU
	EndGlobalSection
	GlobalSection(SolutionProperties) = preSolution
		HideSolutionNode = FALSE
	EndGlobalSection
	GlobalSection(ExtensibilityGlobals) = postSolution
		SolutionGuid = {3F4D024A-9ED9-416F-994E-B4E53D6FCCFD}
	EndGlobalSection
EndGlobal
